
Microsoft Visual Studio Solution File, Format Version 12.00
# Visual Studio Version 17
VisualStudioVersion = 17.11.35327.3
MinimumVisualStudioVersion = 10.0.40219.1
Project("{FAE04EC0-301F-11D3-BF4B-00C04F79EFBC}") = "Magic Pet", "Magic Pet\Magic Pet.csproj", "{777E1485-D269-4E74-8142-5FEBFB43649D}"
EndProject
Global
	GlobalSection(SolutionConfigurationPlatforms) = preSolution
		Debug|Any CPU = Debug|Any CPU
		Release|Any CPU = Release|Any CPU
	EndGlobalSection
	GlobalSection(ProjectConfigurationPlatforms) = postSolution
		{777E1485-D269-4E74-8142-5FEBFB43649D}.Debug|Any CPU.ActiveCfg = Debug|Any CPU
		{777E1485-D269-4E74-8142-5FEBFB43649D}.Debug|Any CPU.Build.0 = Debug|Any CPU
		{777E1485-D269-4E74-8142-5FEBFB43649D}.Release|Any CPU.ActiveCfg = Release|Any CPU
		{777E1485-D269-4E74-8142-5FEBFB43649D}.Release|Any CPU.Build.0 = Release|Any CPU
	EndGlobalSection
	GlobalSection(SolutionProperties) = preSolution
		HideSolutionNode = FALSE
	EndGlobalSection
	GlobalSection(ExtensibilityGlobals) = postSolution
		SolutionGuid = {CD4B6D5B-3B8C-4D1E-B73C-FD99121944C2}
	EndGlobalSection
EndGlobal
